// !$*UTF8*$!
{
	archiveVersion = 1;
	classes = {
	};
	objectVersion = 56;
	objects = {

/* Begin PBXBuildFile section */
		93A8A5AB2974E9B000F8D3BC /* AppDelegate.swift in Sources */ = {isa = PBXBuildFile; fileRef = 93A8A5AA2974E9B000F8D3BC /* AppDelegate.swift */; };
		93A8A5AD2974E9B000F8D3BC /* SceneDelegate.swift in Sources */ = {isa = PBXBuildFile; fileRef = 93A8A5AC2974E9B000F8D3BC /* SceneDelegate.swift */; };
		93A8A5B42974E9B000F8D3BC /* Assets.xcassets in Resources */ = {isa = PBXBuildFile; fileRef = 93A8A5B32974E9B000F8D3BC /* Assets.xcassets */; };
		93A8A5B72974E9B000F8D3BC /* LaunchScreen.storyboard in Resources */ = {isa = PBXBuildFile; fileRef = 93A8A5B52974E9B000F8D3BC /* LaunchScreen.storyboard */; };
		93A8A5BF2974F78700F8D3BC /* PokemonByTypeVC.swift in Sources */ = {isa = PBXBuildFile; fileRef = 93A8A5BE2974F78700F8D3BC /* PokemonByTypeVC.swift */; };
		93A8A5C12974F79800F8D3BC /* PokemonByGenVC.swift in Sources */ = {isa = PBXBuildFile; fileRef = 93A8A5C02974F79800F8D3BC /* PokemonByGenVC.swift */; };
		93A8A5C32974F7B000F8D3BC /* FavPokemonVC.swift in Sources */ = {isa = PBXBuildFile; fileRef = 93A8A5C22974F7B000F8D3BC /* FavPokemonVC.swift */; };
		93A8A5C62974F8F600F8D3BC /* Pokemon.swift in Sources */ = {isa = PBXBuildFile; fileRef = 93A8A5C52974F8F600F8D3BC /* Pokemon.swift */; };
		93A8A5C82974F95500F8D3BC /* PokemonTypesDict.swift in Sources */ = {isa = PBXBuildFile; fileRef = 93A8A5C72974F95500F8D3BC /* PokemonTypesDict.swift */; };
		93A8A5CA2974F96400F8D3BC /* PokemonByTypeDict.swift in Sources */ = {isa = PBXBuildFile; fileRef = 93A8A5C92974F96400F8D3BC /* PokemonByTypeDict.swift */; };
		93A8A5CD2974F9E200F8D3BC /* NetworkingManager.swift in Sources */ = {isa = PBXBuildFile; fileRef = 93A8A5CC2974F9E200F8D3BC /* NetworkingManager.swift */; };
		93A8A5CF2974FB2600F8D3BC /* PokemonVC.swift in Sources */ = {isa = PBXBuildFile; fileRef = 93A8A5CE2974FB2600F8D3BC /* PokemonVC.swift */; };
		93A8A5D2297505CC00F8D3BC /* PokeTypesCell.swift in Sources */ = {isa = PBXBuildFile; fileRef = 93A8A5D1297505CC00F8D3BC /* PokeTypesCell.swift */; };
/* End PBXBuildFile section */

/* Begin PBXFileReference section */
		93A8A5A72974E9B000F8D3BC /* randoMon.app */ = {isa = PBXFileReference; explicitFileType = wrapper.application; includeInIndex = 0; path = randoMon.app; sourceTree = BUILT_PRODUCTS_DIR; };
		93A8A5AA2974E9B000F8D3BC /* AppDelegate.swift */ = {isa = PBXFileReference; lastKnownFileType = sourcecode.swift; path = AppDelegate.swift; sourceTree = "<group>"; };
		93A8A5AC2974E9B000F8D3BC /* SceneDelegate.swift */ = {isa = PBXFileReference; lastKnownFileType = sourcecode.swift; path = SceneDelegate.swift; sourceTree = "<group>"; };
		93A8A5B32974E9B000F8D3BC /* Assets.xcassets */ = {isa = PBXFileReference; lastKnownFileType = folder.assetcatalog; path = Assets.xcassets; sourceTree = "<group>"; };
		93A8A5B62974E9B000F8D3BC /* Base */ = {isa = PBXFileReference; lastKnownFileType = file.storyboard; name = Base; path = Base.lproj/LaunchScreen.storyboard; sourceTree = "<group>"; };
		93A8A5B82974E9B000F8D3BC /* Info.plist */ = {isa = PBXFileReference; lastKnownFileType = text.plist.xml; path = Info.plist; sourceTree = "<group>"; };
		93A8A5BE2974F78700F8D3BC /* PokemonByTypeVC.swift */ = {isa = PBXFileReference; lastKnownFileType = sourcecode.swift; path = PokemonByTypeVC.swift; sourceTree = "<group>"; };
		93A8A5C02974F79800F8D3BC /* PokemonByGenVC.swift */ = {isa = PBXFileReference; lastKnownFileType = sourcecode.swift; path = PokemonByGenVC.swift; sourceTree = "<group>"; };
		93A8A5C22974F7B000F8D3BC /* FavPokemonVC.swift */ = {isa = PBXFileReference; lastKnownFileType = sourcecode.swift; path = FavPokemonVC.swift; sourceTree = "<group>"; };
		93A8A5C52974F8F600F8D3BC /* Pokemon.swift */ = {isa = PBXFileReference; lastKnownFileType = sourcecode.swift; path = Pokemon.swift; sourceTree = "<group>"; };
		93A8A5C72974F95500F8D3BC /* PokemonTypesDict.swift */ = {isa = PBXFileReference; lastKnownFileType = sourcecode.swift; path = PokemonTypesDict.swift; sourceTree = "<group>"; };
		93A8A5C92974F96400F8D3BC /* PokemonByTypeDict.swift */ = {isa = PBXFileReference; lastKnownFileType = sourcecode.swift; path = PokemonByTypeDict.swift; sourceTree = "<group>"; };
		93A8A5CC2974F9E200F8D3BC /* NetworkingManager.swift */ = {isa = PBXFileReference; lastKnownFileType = sourcecode.swift; path = NetworkingManager.swift; sourceTree = "<group>"; };
		93A8A5CE2974FB2600F8D3BC /* PokemonVC.swift */ = {isa = PBXFileReference; lastKnownFileType = sourcecode.swift; path = PokemonVC.swift; sourceTree = "<group>"; };
		93A8A5D1297505CC00F8D3BC /* PokeTypesCell.swift */ = {isa = PBXFileReference; lastKnownFileType = sourcecode.swift; path = PokeTypesCell.swift; sourceTree = "<group>"; };
/* End PBXFileReference section */

/* Begin PBXFrameworksBuildPhase section */
		93A8A5A42974E9B000F8D3BC /* Frameworks */ = {
			isa = PBXFrameworksBuildPhase;
			buildActionMask = 2147483647;
			files = (
			);
			runOnlyForDeploymentPostprocessing = 0;
		};
/* End PBXFrameworksBuildPhase section */

/* Begin PBXGroup section */
		93A8A59E2974E9AF00F8D3BC = {
			isa = PBXGroup;
			children = (
				93A8A5A92974E9B000F8D3BC /* randoMon */,
				93A8A5A82974E9B000F8D3BC /* Products */,
			);
			sourceTree = "<group>";
		};
		93A8A5A82974E9B000F8D3BC /* Products */ = {
			isa = PBXGroup;
			children = (
				93A8A5A72974E9B000F8D3BC /* randoMon.app */,
			);
			name = Products;
			sourceTree = "<group>";
		};
		93A8A5A92974E9B000F8D3BC /* randoMon */ = {
			isa = PBXGroup;
			children = (
				93A8A5C42974F7BA00F8D3BC /* ViewControllers */,
				93A8A5CB2974F99300F8D3BC /* Model */,
				93A8A5D02974FCDE00F8D3BC /* Custom Views */,
				93A8A5CC2974F9E200F8D3BC /* NetworkingManager.swift */,
				93A8A5AA2974E9B000F8D3BC /* AppDelegate.swift */,
				93A8A5AC2974E9B000F8D3BC /* SceneDelegate.swift */,
				93A8A5B32974E9B000F8D3BC /* Assets.xcassets */,
				93A8A5B52974E9B000F8D3BC /* LaunchScreen.storyboard */,
				93A8A5B82974E9B000F8D3BC /* Info.plist */,
			);
			path = randoMon;
			sourceTree = "<group>";
		};
		93A8A5C42974F7BA00F8D3BC /* ViewControllers */ = {
			isa = PBXGroup;
			children = (
				93A8A5BE2974F78700F8D3BC /* PokemonByTypeVC.swift */,
				93A8A5C02974F79800F8D3BC /* PokemonByGenVC.swift */,
				93A8A5C22974F7B000F8D3BC /* FavPokemonVC.swift */,
				93A8A5CE2974FB2600F8D3BC /* PokemonVC.swift */,
			);
			path = ViewControllers;
			sourceTree = "<group>";
		};
		93A8A5CB2974F99300F8D3BC /* Model */ = {
			isa = PBXGroup;
			children = (
				93A8A5C52974F8F600F8D3BC /* Pokemon.swift */,
				93A8A5C72974F95500F8D3BC /* PokemonTypesDict.swift */,
				93A8A5C92974F96400F8D3BC /* PokemonByTypeDict.swift */,
			);
			path = Model;
			sourceTree = "<group>";
		};
		93A8A5D02974FCDE00F8D3BC /* Custom Views */ = {
			isa = PBXGroup;
			children = (
				93A8A5D1297505CC00F8D3BC /* PokeTypesCell.swift */,
			);
			path = "Custom Views";
			sourceTree = "<group>";
		};
/* End PBXGroup section */

/* Begin PBXNativeTarget section */
		93A8A5A62974E9B000F8D3BC /* randoMon */ = {
			isa = PBXNativeTarget;
			buildConfigurationList = 93A8A5BB2974E9B000F8D3BC /* Build configuration list for PBXNativeTarget "randoMon" */;
			buildPhases = (
				93A8A5A32974E9B000F8D3BC /* Sources */,
				93A8A5A42974E9B000F8D3BC /* Frameworks */,
				93A8A5A52974E9B000F8D3BC /* Resources */,
			);
			buildRules = (
			);
			dependencies = (
			);
			name = randoMon;
			productName = randoMon;
			productReference = 93A8A5A72974E9B000F8D3BC /* randoMon.app */;
			productType = "com.apple.product-type.application";
		};
/* End PBXNativeTarget section */

/* Begin PBXProject section */
		93A8A59F2974E9B000F8D3BC /* Project object */ = {
			isa = PBXProject;
			attributes = {
				BuildIndependentTargetsInParallel = 1;
				LastSwiftUpdateCheck = 1420;
				LastUpgradeCheck = 1420;
				TargetAttributes = {
					93A8A5A62974E9B000F8D3BC = {
						CreatedOnToolsVersion = 14.2;
					};
				};
			};
			buildConfigurationList = 93A8A5A22974E9B000F8D3BC /* Build configuration list for PBXProject "randoMon" */;
			compatibilityVersion = "Xcode 14.0";
			developmentRegion = en;
			hasScannedForEncodings = 0;
			knownRegions = (
				en,
				Base,
			);
			mainGroup = 93A8A59E2974E9AF00F8D3BC;
			productRefGroup = 93A8A5A82974E9B000F8D3BC /* Products */;
			projectDirPath = "";
			projectRoot = "";
			targets = (
				93A8A5A62974E9B000F8D3BC /* randoMon */,
			);
		};
/* End PBXProject section */

/* Begin PBXResourcesBuildPhase section */
		93A8A5A52974E9B000F8D3BC /* Resources */ = {
			isa = PBXResourcesBuildPhase;
			buildActionMask = 2147483647;
			files = (
				93A8A5B72974E9B000F8D3BC /* LaunchScreen.storyboard in Resources */,
				93A8A5B42974E9B000F8D3BC /* Assets.xcassets in Resources */,
			);
			runOnlyForDeploymentPostprocessing = 0;
		};
/* End PBXResourcesBuildPhase section */

/* Begin PBXSourcesBuildPhase section */
		93A8A5A32974E9B000F8D3BC /* Sources */ = {
			isa = PBXSourcesBuildPhase;
			buildActionMask = 2147483647;
			files = (
				93A8A5C82974F95500F8D3BC /* PokemonTypesDict.swift in Sources */,
				93A8A5BF2974F78700F8D3BC /* PokemonByTypeVC.swift in Sources */,
				93A8A5CF2974FB2600F8D3BC /* PokemonVC.swift in Sources */,
				93A8A5AB2974E9B000F8D3BC /* AppDelegate.swift in Sources */,
				93A8A5AD2974E9B000F8D3BC /* SceneDelegate.swift in Sources */,
				93A8A5CA2974F96400F8D3BC /* PokemonByTypeDict.swift in Sources */,
				93A8A5D2297505CC00F8D3BC /* PokeTypesCell.swift in Sources */,
				93A8A5C32974F7B000F8D3BC /* FavPokemonVC.swift in Sources */,
				93A8A5CD2974F9E200F8D3BC /* NetworkingManager.swift in Sources */,
				93A8A5C12974F79800F8D3BC /* PokemonByGenVC.swift in Sources */,
				93A8A5C62974F8F600F8D3BC /* Pokemon.swift in Sources */,
			);
			runOnlyForDeploymentPostprocessing = 0;
		};
/* End PBXSourcesBuildPhase section */

/* Begin PBXVariantGroup section */
		93A8A5B52974E9B000F8D3BC /* LaunchScreen.storyboard */ = {
			isa = PBXVariantGroup;
			children = (
				93A8A5B62974E9B000F8D3BC /* Base */,
			);
			name = LaunchScreen.storyboard;
			sourceTree = "<group>";
		};
/* End PBXVariantGroup section */

/* Begin XCBuildConfiguration section */
		93A8A5B92974E9B000F8D3BC /* Debug */ = {
			isa = XCBuildConfiguration;
			buildSettings = {
				ALWAYS_SEARCH_USER_PATHS = NO;
				CLANG_ANALYZER_NONNULL = YES;
				CLANG_ANALYZER_NUMBER_OBJECT_CONVERSION = YES_AGGRESSIVE;
				CLANG_CXX_LANGUAGE_STANDARD = "gnu++20";
				CLANG_ENABLE_MODULES = YES;
				CLANG_ENABLE_OBJC_ARC = YES;
				CLANG_ENABLE_OBJC_WEAK = YES;
				CLANG_WARN_BLOCK_CAPTURE_AUTORELEASING = YES;
				CLANG_WARN_BOOL_CONVERSION = YES;
				CLANG_WARN_COMMA = YES;
				CLANG_WARN_CONSTANT_CONVERSION = YES;
				CLANG_WARN_DEPRECATED_OBJC_IMPLEMENTATIONS = YES;
				CLANG_WARN_DIRECT_OBJC_ISA_USAGE = YES_ERROR;
				CLANG_WARN_DOCUMENTATION_COMMENTS = YES;
				CLANG_WARN_EMPTY_BODY = YES;
				CLANG_WARN_ENUM_CONVERSION = YES;
				CLANG_WARN_INFINITE_RECURSION = YES;
				CLANG_WARN_INT_CONVERSION = YES;
				CLANG_WARN_NON_LITERAL_NULL_CONVERSION = YES;
				CLANG_WARN_OBJC_IMPLICIT_RETAIN_SELF = YES;
				CLANG_WARN_OBJC_LITERAL_CONVERSION = YES;
				CLANG_WARN_OBJC_ROOT_CLASS = YES_ERROR;
				CLANG_WARN_QUOTED_INCLUDE_IN_FRAMEWORK_HEADER = YES;
				CLANG_WARN_RANGE_LOOP_ANALYSIS = YES;
				CLANG_WARN_STRICT_PROTOTYPES = YES;
				CLANG_WARN_SUSPICIOUS_MOVE = YES;
				CLANG_WARN_UNGUARDED_AVAILABILITY = YES_AGGRESSIVE;
				CLANG_WARN_UNREACHABLE_CODE = YES;
				CLANG_WARN__DUPLICATE_METHOD_MATCH = YES;
				COPY_PHASE_STRIP = NO;
				DEBUG_INFORMATION_FORMAT = dwarf;
				ENABLE_STRICT_OBJC_MSGSEND = YES;
				ENABLE_TESTABILITY = YES;
				GCC_C_LANGUAGE_STANDARD = gnu11;
				GCC_DYNAMIC_NO_PIC = NO;
				GCC_NO_COMMON_BLOCKS = YES;
				GCC_OPTIMIZATION_LEVEL = 0;
				GCC_PREPROCESSOR_DEFINITIONS = (
					"DEBUG=1",
					"$(inherited)",
				);
				GCC_WARN_64_TO_32_BIT_CONVERSION = YES;
				GCC_WARN_ABOUT_RETURN_TYPE = YES_ERROR;
				GCC_WARN_UNDECLARED_SELECTOR = YES;
				GCC_WARN_UNINITIALIZED_AUTOS = YES_AGGRESSIVE;
				GCC_WARN_UNUSED_FUNCTION = YES;
				GCC_WARN_UNUSED_VARIABLE = YES;
				IPHONEOS_DEPLOYMENT_TARGET = 16.2;
				MTL_ENABLE_DEBUG_INFO = INCLUDE_SOURCE;
				MTL_FAST_MATH = YES;
				ONLY_ACTIVE_ARCH = YES;
				SDKROOT = iphoneos;
				SWIFT_ACTIVE_COMPILATION_CONDITIONS = DEBUG;
				SWIFT_OPTIMIZATION_LEVEL = "-Onone";
			};
			name = Debug;
		};
		93A8A5BA2974E9B000F8D3BC /* Release */ = {
			isa = XCBuildConfiguration;
			buildSettings = {
				ALWAYS_SEARCH_USER_PATHS = NO;
				CLANG_ANALYZER_NONNULL = YES;
				CLANG_ANALYZER_NUMBER_OBJECT_CONVERSION = YES_AGGRESSIVE;
				CLANG_CXX_LANGUAGE_STANDARD = "gnu++20";
				CLANG_ENABLE_MODULES = YES;
				CLANG_ENABLE_OBJC_ARC = YES;
				CLANG_ENABLE_OBJC_WEAK = YES;
				CLANG_WARN_BLOCK_CAPTURE_AUTORELEASING = YES;
				CLANG_WARN_BOOL_CONVERSION = YES;
				CLANG_WARN_COMMA = YES;
				CLANG_WARN_CONSTANT_CONVERSION = YES;
				CLANG_WARN_DEPRECATED_OBJC_IMPLEMENTATIONS = YES;
				CLANG_WARN_DIRECT_OBJC_ISA_USAGE = YES_ERROR;
				CLANG_WARN_DOCUMENTATION_COMMENTS = YES;
				CLANG_WARN_EMPTY_BODY = YES;
				CLANG_WARN_ENUM_CONVERSION = YES;
				CLANG_WARN_INFINITE_RECURSION = YES;
				CLANG_WARN_INT_CONVERSION = YES;
				CLANG_WARN_NON_LITERAL_NULL_CONVERSION = YES;
				CLANG_WARN_OBJC_IMPLICIT_RETAIN_SELF = YES;
				CLANG_WARN_OBJC_LITERAL_CONVERSION = YES;
				CLANG_WARN_OBJC_ROOT_CLASS = YES_ERROR;
				CLANG_WARN_QUOTED_INCLUDE_IN_FRAMEWORK_HEADER = YES;
				CLANG_WARN_RANGE_LOOP_ANALYSIS = YES;
				CLANG_WARN_STRICT_PROTOTYPES = YES;
				CLANG_WARN_SUSPICIOUS_MOVE = YES;
				CLANG_WARN_UNGUARDED_AVAILABILITY = YES_AGGRESSIVE;
				CLANG_WARN_UNREACHABLE_CODE = YES;
				CLANG_WARN__DUPLICATE_METHOD_MATCH = YES;
				COPY_PHASE_STRIP = NO;
				DEBUG_INFORMATION_FORMAT = "dwarf-with-dsym";
				ENABLE_NS_ASSERTIONS = NO;
				ENABLE_STRICT_OBJC_MSGSEND = YES;
				GCC_C_LANGUAGE_STANDARD = gnu11;
				GCC_NO_COMMON_BLOCKS = YES;
				GCC_WARN_64_TO_32_BIT_CONVERSION = YES;
				GCC_WARN_ABOUT_RETURN_TYPE = YES_ERROR;
				GCC_WARN_UNDECLARED_SELECTOR = YES;
				GCC_WARN_UNINITIALIZED_AUTOS = YES_AGGRESSIVE;
				GCC_WARN_UNUSED_FUNCTION = YES;
				GCC_WARN_UNUSED_VARIABLE = YES;
				IPHONEOS_DEPLOYMENT_TARGET = 16.2;
				MTL_ENABLE_DEBUG_INFO = NO;
				MTL_FAST_MATH = YES;
				SDKROOT = iphoneos;
				SWIFT_COMPILATION_MODE = wholemodule;
				SWIFT_OPTIMIZATION_LEVEL = "-O";
				VALIDATE_PRODUCT = YES;
			};
			name = Release;
		};
		93A8A5BC2974E9B000F8D3BC /* Debug */ = {
			isa = XCBuildConfiguration;
			buildSettings = {
				ASSETCATALOG_COMPILER_APPICON_NAME = AppIcon;
				ASSETCATALOG_COMPILER_GLOBAL_ACCENT_COLOR_NAME = AccentColor;
				CODE_SIGN_STYLE = Automatic;
				CURRENT_PROJECT_VERSION = 1;
				DEVELOPMENT_TEAM = 39H6LNA9CM;
				GENERATE_INFOPLIST_FILE = YES;
				INFOPLIST_FILE = randoMon/Info.plist;
				INFOPLIST_KEY_UIApplicationSupportsIndirectInputEvents = YES;
				INFOPLIST_KEY_UILaunchStoryboardName = LaunchScreen;
				INFOPLIST_KEY_UISupportedInterfaceOrientations_iPad = "UIInterfaceOrientationPortrait UIInterfaceOrientationPortraitUpsideDown UIInterfaceOrientationLandscapeLeft UIInterfaceOrientationLandscapeRight";
				INFOPLIST_KEY_UISupportedInterfaceOrientations_iPhone = "UIInterfaceOrientationPortrait UIInterfaceOrientationLandscapeLeft UIInterfaceOrientationLandscapeRight";
				LD_RUNPATH_SEARCH_PATHS = (
					"$(inherited)",
					"@executable_path/Frameworks",
				);
				MARKETING_VERSION = 1.0;
				PRODUCT_BUNDLE_IDENTIFIER = dev.oishii.randoMon;
				PRODUCT_NAME = "$(TARGET_NAME)";
				SWIFT_EMIT_LOC_STRINGS = YES;
				SWIFT_VERSION = 5.0;
				TARGETED_DEVICE_FAMILY = "1,2";
			};
			name = Debug;
		};
		93A8A5BD2974E9B000F8D3BC /* Release */ = {
			isa = XCBuildConfiguration;
			buildSettings = {
				ASSETCATALOG_COMPILER_APPICON_NAME = AppIcon;
				ASSETCATALOG_COMPILER_GLOBAL_ACCENT_COLOR_NAME = AccentColor;
				CODE_SIGN_STYLE = Automatic;
				CURRENT_PROJECT_VERSION = 1;
				DEVELOPMENT_TEAM = 39H6LNA9CM;
				GENERATE_INFOPLIST_FILE = YES;
				INFOPLIST_FILE = randoMon/Info.plist;
				INFOPLIST_KEY_UIApplicationSupportsIndirectInputEvents = YES;
				INFOPLIST_KEY_UILaunchStoryboardName = LaunchScreen;
				INFOPLIST_KEY_UISupportedInterfaceOrientations_iPad = "UIInterfaceOrientationPortrait UIInterfaceOrientationPortraitUpsideDown UIInterfaceOrientationLandscapeLeft UIInterfaceOrientationLandscapeRight";
				INFOPLIST_KEY_UISupportedInterfaceOrientations_iPhone = "UIInterfaceOrientationPortrait UIInterfaceOrientationLandscapeLeft UIInterfaceOrientationLandscapeRight";
				LD_RUNPATH_SEARCH_PATHS = (
					"$(inherited)",
					"@executable_path/Frameworks",
				);
				MARKETING_VERSION = 1.0;
				PRODUCT_BUNDLE_IDENTIFIER = dev.oishii.randoMon;
				PRODUCT_NAME = "$(TARGET_NAME)";
				SWIFT_EMIT_LOC_STRINGS = YES;
				SWIFT_VERSION = 5.0;
				TARGETED_DEVICE_FAMILY = "1,2";
			};
			name = Release;
		};
/* End XCBuildConfiguration section */

/* Begin XCConfigurationList section */
		93A8A5A22974E9B000F8D3BC /* Build configuration list for PBXProject "randoMon" */ = {
			isa = XCConfigurationList;
			buildConfigurations = (
				93A8A5B92974E9B000F8D3BC /* Debug */,
				93A8A5BA2974E9B000F8D3BC /* Release */,
			);
			defaultConfigurationIsVisible = 0;
			defaultConfigurationName = Release;
		};
		93A8A5BB2974E9B000F8D3BC /* Build configuration list for PBXNativeTarget "randoMon" */ = {
			isa = XCConfigurationList;
			buildConfigurations = (
				93A8A5BC2974E9B000F8D3BC /* Debug */,
				93A8A5BD2974E9B000F8D3BC /* Release */,
			);
			defaultConfigurationIsVisible = 0;
			defaultConfigurationName = Release;
		};
/* End XCConfigurationList section */
	};
	rootObject = 93A8A59F2974E9B000F8D3BC /* Project object */;
}
